lockfileVersion: '9.0'

settings:
  autoInstallPeers: true
  excludeLinksFromLockfile: false

importers:

  .:
    dependencies:
      dotenv:
        specifier: ^17.0.0
        version: 17.0.0
      erlc:
        specifier: ^1.2.0
        version: 1.2.0
      nedb:
        specifier: ^1.8.0
        version: 1.8.0
      tslog:
        specifier: ^4.9.3
        version: 4.9.3
    devDependencies:
      '@types/node':
        specifier: ^24.0.6
        version: 24.0.6
      typescript:
        specifier: ^5.8.3
        version: 5.8.3

packages:

  '@types/node@24.0.6':
    resolution: {integrity: sha512-ZOyn+gOs749xU7ovp+Ibj0g1o3dFRqsfPnT22C2t5JzcRvgsEDpGawPbCISGKLudJk9Y0wiu9sYd6kUh0pc9TA==}

  async@0.2.10:
    resolution: {integrity: sha512-eAkdoKxU6/LkKDBzLpT+t6Ff5EtfSF4wx1WfJiPEEV7WNLnDaRXk0oVysiEPm262roaachGexwUv94WhSgN5TQ==}

  binary-search-tree@0.2.5:
    resolution: {integrity: sha512-CvNVKS6iXagL1uGwLagSXz1hzSMezxOuGnFi5FHGKqaTO3nPPWrAbyALUzK640j+xOTVm7lzD9YP8W1f/gvUdw==}

  data-uri-to-buffer@4.0.1:
    resolution: {integrity: sha512-0R9ikRb668HB7QDxT1vkpuUBtqc53YyAwMwGeUFKRojY/NWKvdZ+9UYtRfGmhqNbRkTSVpMbmyhXipFFv2cb/A==}
    engines: {node: '>= 12'}

  dotenv@17.0.0:
    resolution: {integrity: sha512-A0BJ5lrpJVSfnMMXjmeO0xUnoxqsBHWCoqqTnGwGYVdnctqXXUEhJOO7LxmgxJon9tEZFGpe0xPRX0h2v3AANQ==}
    engines: {node: '>=12'}

  erlc@1.2.0:
    resolution: {integrity: sha512-+C3dMieJ6Vsc7gR1aAFM4dnuj8naK3xoWKQqjDzSIlSpUmxCOHkOCe1q7GEZe8U+SKnl1uHAqBF69nrh7DpO1A==}

  fetch-blob@3.2.0:
    resolution: {integrity: sha512-7yAQpD2UMJzLi1Dqv7qFYnPbaPx7ZfFK6PiIxQ4PfkGPyNyl2Ugx+a/umUonmKqjhM4DnfbMvdX6otXq83soQQ==}
    engines: {node: ^12.20 || >= 14.13}

  formdata-polyfill@4.0.10:
    resolution: {integrity: sha512-buewHzMvYL29jdeQTVILecSaZKnt/RJWjoZCF5OW60Z67/GmSLBkOFM7qh1PI3zFNtJbaZL5eQu1vLfazOwj4g==}
    engines: {node: '>=12.20.0'}

  immediate@3.0.6:
    resolution: {integrity: sha512-XXOFtyqDjNDAQxVfYxuF7g9Il/IbWmmlQg2MYKOH8ExIT1qg6xc4zyS3HaEEATgs1btfzxq15ciUiY7gjSXRGQ==}

  lie@3.1.1:
    resolution: {integrity: sha512-RiNhHysUjhrDQntfYSfY4MU24coXXdEOgw9WGcKHNeEwffDYbF//u87M1EWaMGzuFoSbqW0C9C6lEEhDOAswfw==}

  localforage@1.10.0:
    resolution: {integrity: sha512-14/H1aX7hzBBmmh7sGPd+AOMkkIrHM3Z1PAyGgZigA1H1p5O5ANnMyWzvpAETtG68/dC4pC0ncy3+PPGzXZHPg==}

  minimist@1.2.8:
    resolution: {integrity: sha512-2yyAR8qBkN3YuheJanUpWC5U3bb5osDywNB8RzDVlDwDHbocAJveqqj1u8+SVD7jkWT4yvsHCpWqqWqAxb0zCA==}

  mkdirp@0.5.6:
    resolution: {integrity: sha512-FP+p8RB8OWpF3YZBCrP5gtADmtXApB5AMLn+vdyA+PyxCjrCs00mjyUozssO33cwDeT3wNGdLxJ5M//YqtHAJw==}
    hasBin: true

  nedb@1.8.0:
    resolution: {integrity: sha512-ip7BJdyb5m+86ZbSb4y10FCCW9g35+U8bDRrZlAfCI6m4dKwEsQ5M52grcDcVK4Vm/vnPlDLywkyo3GliEkb5A==}

  node-domexception@1.0.0:
    resolution: {integrity: sha512-/jKZoMpw0F8GRwl4/eLROPA3cfcXtLApP0QzLmUT/HuPCZWyB7IY9ZrMeKw2O/nFIqPQB3PVM9aYm0F312AXDQ==}
    engines: {node: '>=10.5.0'}
    deprecated: Use your platform's native DOMException instead

  node-fetch@3.3.2:
    resolution: {integrity: sha512-dRB78srN/l6gqWulah9SrxeYnxeddIG30+GOqK/9OlLVyLg3HPnr6SqOWTWOXKRwC2eGYCkZ59NNuSgvSrpgOA==}
    engines: {node: ^12.20.0 || ^14.13.1 || >=16.0.0}

  tslog@4.9.3:
    resolution: {integrity: sha512-oDWuGVONxhVEBtschLf2cs/Jy8i7h1T+CpdkTNWQgdAF7DhRo2G8vMCgILKe7ojdEkLhICWgI1LYSSKaJsRgcw==}
    engines: {node: '>=16'}

  typescript@5.8.3:
    resolution: {integrity: sha512-p1diW6TqL9L07nNxvRMM7hMMw4c5XOo/1ibL4aAIGmSAt9slTE1Xgw5KWuof2uTOvCg9BY7ZRi+GaF+7sfgPeQ==}
    engines: {node: '>=14.17'}
    hasBin: true

  underscore@1.4.4:
    resolution: {integrity: sha512-ZqGrAgaqqZM7LGRzNjLnw5elevWb5M8LEoDMadxIW3OWbcv72wMMgKdwOKpd5Fqxe8choLD8HN3iSj3TUh/giQ==}

  undici-types@7.8.0:
    resolution: {integrity: sha512-9UJ2xGDvQ43tYyVMpuHlsgApydB8ZKfVYTsLDhXkFL/6gfkp+U8xTGdh8pMJv1SpZna0zxG1DwsKZsreLbXBxw==}

  web-streams-polyfill@3.3.3:
    resolution: {integrity: sha512-d2JWLCivmZYTSIoge9MsgFCZrt571BikcWGYkjC1khllbTeDlGqZ2D8vD8E/lJa8WGWbb7Plm8/XJYV7IJHZZw==}
    engines: {node: '>= 8'}

snapshots:

  '@types/node@24.0.6':
    dependencies:
      undici-types: 7.8.0

  async@0.2.10: {}

  binary-search-tree@0.2.5:
    dependencies:
      underscore: 1.4.4

  data-uri-to-buffer@4.0.1: {}

  dotenv@17.0.0: {}

  erlc@1.2.0:
    dependencies:
      node-fetch: 3.3.2

  fetch-blob@3.2.0:
    dependencies:
      node-domexception: 1.0.0
      web-streams-polyfill: 3.3.3

  formdata-polyfill@4.0.10:
    dependencies:
      fetch-blob: 3.2.0

  immediate@3.0.6: {}

  lie@3.1.1:
    dependencies:
      immediate: 3.0.6

  localforage@1.10.0:
    dependencies:
      lie: 3.1.1

  minimist@1.2.8: {}

  mkdirp@0.5.6:
    dependencies:
      minimist: 1.2.8

  nedb@1.8.0:
    dependencies:
      async: 0.2.10
      binary-search-tree: 0.2.5
      localforage: 1.10.0
      mkdirp: 0.5.6
      underscore: 1.4.4

  node-domexception@1.0.0: {}

  node-fetch@3.3.2:
    dependencies:
      data-uri-to-buffer: 4.0.1
      fetch-blob: 3.2.0
      formdata-polyfill: 4.0.10

  tslog@4.9.3: {}

  typescript@5.8.3: {}

  underscore@1.4.4: {}

  undici-types@7.8.0: {}

  web-streams-polyfill@3.3.3: {}
